// !$*UTF8*$!
{
	archiveVersion = 1;
	classes = {
	};
	objectVersion = 51;
	objects = {

/* Begin PBXBuildFile section */
		143FCAE724333E6B00D17DC8 /* AppDelegate.swift in Sources */ = {isa = PBXBuildFile; fileRef = 143FCAE624333E6B00D17DC8 /* AppDelegate.swift */; };
		143FCAE924333E6B00D17DC8 /* SceneDelegate.swift in Sources */ = {isa = PBXBuildFile; fileRef = 143FCAE824333E6B00D17DC8 /* SceneDelegate.swift */; };
		143FCAF024333E6D00D17DC8 /* Assets.xcassets in Resources */ = {isa = PBXBuildFile; fileRef = 143FCAEF24333E6D00D17DC8 /* Assets.xcassets */; };
		143FCAF324333E6D00D17DC8 /* LaunchScreen.storyboard in Resources */ = {isa = PBXBuildFile; fileRef = 143FCAF124333E6D00D17DC8 /* LaunchScreen.storyboard */; };
		143FCB01243340DF00D17DC8 /* ApiController.swift in Sources */ = {isa = PBXBuildFile; fileRef = 143FCB00243340DF00D17DC8 /* ApiController.swift */; };
		143FCB03243340ED00D17DC8 /* Main.storyboard in Resources */ = {isa = PBXBuildFile; fileRef = 143FCB02243340ED00D17DC8 /* Main.storyboard */; };
		143FCB07243340FB00D17DC8 /* Colors.swift in Sources */ = {isa = PBXBuildFile; fileRef = 143FCB05243340FB00D17DC8 /* Colors.swift */; };
		143FCB08243340FB00D17DC8 /* Appearance.swift in Sources */ = {isa = PBXBuildFile; fileRef = 143FCB06243340FB00D17DC8 /* Appearance.swift */; };
		143FCB0A243341B900D17DC8 /* ViewController.swift in Sources */ = {isa = PBXBuildFile; fileRef = 143FCB09243341B900D17DC8 /* ViewController.swift */; };
		4BF43CDE8C469932D31B8809 /* Pods_RxWeather.framework in Frameworks */ = {isa = PBXBuildFile; fileRef = 3F884F99A9AE80A0B448ED0F /* Pods_RxWeather.framework */; };
/* End PBXBuildFile section */

/* Begin PBXFileReference section */
		143FCAE324333E6B00D17DC8 /* RxWeather.app */ = {isa = PBXFileReference; explicitFileType = wrapper.application; includeInIndex = 0; path = RxWeather.app; sourceTree = BUILT_PRODUCTS_DIR; };
		143FCAE624333E6B00D17DC8 /* AppDelegate.swift */ = {isa = PBXFileReference; lastKnownFileType = sourcecode.swift; path = AppDelegate.swift; sourceTree = "<group>"; };
		143FCAE824333E6B00D17DC8 /* SceneDelegate.swift */ = {isa = PBXFileReference; lastKnownFileType = sourcecode.swift; path = SceneDelegate.swift; sourceTree = "<group>"; };
		143FCAEF24333E6D00D17DC8 /* Assets.xcassets */ = {isa = PBXFileReference; lastKnownFileType = folder.assetcatalog; path = Assets.xcassets; sourceTree = "<group>"; };
		143FCAF224333E6D00D17DC8 /* Base */ = {isa = PBXFileReference; lastKnownFileType = file.storyboard; name = Base; path = Base.lproj/LaunchScreen.storyboard; sourceTree = "<group>"; };
		143FCAF424333E6D00D17DC8 /* Info.plist */ = {isa = PBXFileReference; lastKnownFileType = text.plist.xml; path = Info.plist; sourceTree = "<group>"; };
		143FCAFC243340B600D17DC8 /* LICENSE */ = {isa = PBXFileReference; lastKnownFileType = text; path = LICENSE; sourceTree = "<group>"; };
		143FCAFD243340B900D17DC8 /* weather.ttf */ = {isa = PBXFileReference; lastKnownFileType = file; path = weather.ttf; sourceTree = "<group>"; };
		143FCB00243340DF00D17DC8 /* ApiController.swift */ = {isa = PBXFileReference; fileEncoding = 4; lastKnownFileType = sourcecode.swift; path = ApiController.swift; sourceTree = "<group>"; };
		143FCB02243340ED00D17DC8 /* Main.storyboard */ = {isa = PBXFileReference; fileEncoding = 4; lastKnownFileType = file.storyboard; path = Main.storyboard; sourceTree = "<group>"; };
		143FCB05243340FB00D17DC8 /* Colors.swift */ = {isa = PBXFileReference; fileEncoding = 4; lastKnownFileType = sourcecode.swift; path = Colors.swift; sourceTree = "<group>"; };
		143FCB06243340FB00D17DC8 /* Appearance.swift */ = {isa = PBXFileReference; fileEncoding = 4; lastKnownFileType = sourcecode.swift; path = Appearance.swift; sourceTree = "<group>"; };
		143FCB09243341B900D17DC8 /* ViewController.swift */ = {isa = PBXFileReference; fileEncoding = 4; lastKnownFileType = sourcecode.swift; path = ViewController.swift; sourceTree = "<group>"; };
		3F884F99A9AE80A0B448ED0F /* Pods_RxWeather.framework */ = {isa = PBXFileReference; explicitFileType = wrapper.framework; includeInIndex = 0; path = Pods_RxWeather.framework; sourceTree = BUILT_PRODUCTS_DIR; };
		4DFE2C0CFEFF1404D9E25B2E /* Pods-RxWeather.debug.xcconfig */ = {isa = PBXFileReference; includeInIndex = 1; lastKnownFileType = text.xcconfig; name = "Pods-RxWeather.debug.xcconfig"; path = "Target Support Files/Pods-RxWeather/Pods-RxWeather.debug.xcconfig"; sourceTree = "<group>"; };
		E3FFAEC71612AF8C6DEF0FAD /* Pods-RxWeather.release.xcconfig */ = {isa = PBXFileReference; includeInIndex = 1; lastKnownFileType = text.xcconfig; name = "Pods-RxWeather.release.xcconfig"; path = "Target Support Files/Pods-RxWeather/Pods-RxWeather.release.xcconfig"; sourceTree = "<group>"; };
/* End PBXFileReference section */

/* Begin PBXFrameworksBuildPhase section */
		143FCAE024333E6B00D17DC8 /* Frameworks */ = {
			isa = PBXFrameworksBuildPhase;
			buildActionMask = 2147483647;
			files = (
				4BF43CDE8C469932D31B8809 /* Pods_RxWeather.framework in Frameworks */,
			);
			runOnlyForDeploymentPostprocessing = 0;
		};
/* End PBXFrameworksBuildPhase section */

/* Begin PBXGroup section */
		143FCADA24333E6B00D17DC8 = {
			isa = PBXGroup;
			children = (
				143FCAE524333E6B00D17DC8 /* RxWeather */,
				143FCAE424333E6B00D17DC8 /* Products */,
				943465CD9FF2D8EBCBF24AC6 /* Pods */,
				4724224BD2A35EFF66D264C6 /* Frameworks */,
			);
			sourceTree = "<group>";
		};
		143FCAE424333E6B00D17DC8 /* Products */ = {
			isa = PBXGroup;
			children = (
				143FCAE324333E6B00D17DC8 /* RxWeather.app */,
			);
			name = Products;
			sourceTree = "<group>";
		};
		143FCAE524333E6B00D17DC8 /* RxWeather */ = {
			isa = PBXGroup;
			children = (
				143FCAFE243340C000D17DC8 /* Assets */,
				143FCAFF243340DF00D17DC8 /* Controllers */,
				143FCB04243340FB00D17DC8 /* Utils */,
				143FCAE624333E6B00D17DC8 /* AppDelegate.swift */,
				143FCAE824333E6B00D17DC8 /* SceneDelegate.swift */,
				143FCB09243341B900D17DC8 /* ViewController.swift */,
				143FCB02243340ED00D17DC8 /* Main.storyboard */,
				143FCAEF24333E6D00D17DC8 /* Assets.xcassets */,
				143FCAF124333E6D00D17DC8 /* LaunchScreen.storyboard */,
				143FCAF424333E6D00D17DC8 /* Info.plist */,
			);
			path = RxWeather;
			sourceTree = "<group>";
		};
		143FCAFE243340C000D17DC8 /* Assets */ = {
			isa = PBXGroup;
			children = (
				143FCAFD243340B900D17DC8 /* weather.ttf */,
				143FCAFC243340B600D17DC8 /* LICENSE */,
			);
			path = Assets;
			sourceTree = "<group>";
		};
		143FCAFF243340DF00D17DC8 /* Controllers */ = {
			isa = PBXGroup;
			children = (
				143FCB00243340DF00D17DC8 /* ApiController.swift */,
			);
			path = Controllers;
			sourceTree = "<group>";
		};
		143FCB04243340FB00D17DC8 /* Utils */ = {
			isa = PBXGroup;
			children = (
				143FCB05243340FB00D17DC8 /* Colors.swift */,
				143FCB06243340FB00D17DC8 /* Appearance.swift */,
			);
			path = Utils;
			sourceTree = "<group>";
		};
		4724224BD2A35EFF66D264C6 /* Frameworks */ = {
			isa = PBXGroup;
			children = (
				3F884F99A9AE80A0B448ED0F /* Pods_RxWeather.framework */,
			);
			name = Frameworks;
			sourceTree = "<group>";
		};
		943465CD9FF2D8EBCBF24AC6 /* Pods */ = {
			isa = PBXGroup;
			children = (
				4DFE2C0CFEFF1404D9E25B2E /* Pods-RxWeather.debug.xcconfig */,
				E3FFAEC71612AF8C6DEF0FAD /* Pods-RxWeather.release.xcconfig */,
			);
			path = Pods;
			sourceTree = "<group>";
		};
/* End PBXGroup section */

/* Begin PBXNativeTarget section */
		143FCAE224333E6B00D17DC8 /* RxWeather */ = {
			isa = PBXNativeTarget;
			buildConfigurationList = 143FCAF724333E6D00D17DC8 /* Build configuration list for PBXNativeTarget "RxWeather" */;
			buildPhases = (
				C44DCB7C5362B612CA78096E /* [CP] Check Pods Manifest.lock */,
				143FCADF24333E6B00D17DC8 /* Sources */,
				143FCAE024333E6B00D17DC8 /* Frameworks */,
				143FCAE124333E6B00D17DC8 /* Resources */,
				20E661E8AC4F4737B7ACE857 /* [CP] Embed Pods Frameworks */,
			);
			buildRules = (
			);
			dependencies = (
			);
			name = RxWeather;
			productName = RxWeather;
			productReference = 143FCAE324333E6B00D17DC8 /* RxWeather.app */;
			productType = "com.apple.product-type.application";
		};
/* End PBXNativeTarget section */

/* Begin PBXProject section */
		143FCADB24333E6B00D17DC8 /* Project object */ = {
			isa = PBXProject;
			attributes = {
				LastSwiftUpdateCheck = 1140;
				LastUpgradeCheck = 1140;
				ORGANIZATIONNAME = "登秝吳";
				TargetAttributes = {
					143FCAE224333E6B00D17DC8 = {
						CreatedOnToolsVersion = 11.4;
					};
				};
			};
			buildConfigurationList = 143FCADE24333E6B00D17DC8 /* Build configuration list for PBXProject "RxWeather" */;
			compatibilityVersion = "Xcode 9.3";
			developmentRegion = en;
			hasScannedForEncodings = 0;
			knownRegions = (
				en,
				Base,
			);
			mainGroup = 143FCADA24333E6B00D17DC8;
			productRefGroup = 143FCAE424333E6B00D17DC8 /* Products */;
			projectDirPath = "";
			projectRoot = "";
			targets = (
				143FCAE224333E6B00D17DC8 /* RxWeather */,
			);
		};
/* End PBXProject section */

/* Begin PBXResourcesBuildPhase section */
		143FCAE124333E6B00D17DC8 /* Resources */ = {
			isa = PBXResourcesBuildPhase;
			buildActionMask = 2147483647;
			files = (
				143FCB03243340ED00D17DC8 /* Main.storyboard in Resources */,
				143FCAF324333E6D00D17DC8 /* LaunchScreen.storyboard in Resources */,
				143FCAF024333E6D00D17DC8 /* Assets.xcassets in Resources */,
			);
			runOnlyForDeploymentPostprocessing = 0;
		};
/* End PBXResourcesBuildPhase section */

/* Begin PBXShellScriptBuildPhase section */
		20E661E8AC4F4737B7ACE857 /* [CP] Embed Pods Frameworks */ = {
			isa = PBXShellScriptBuildPhase;
			buildActionMask = 2147483647;
			files = (
			);
			inputFileListPaths = (
				"${PODS_ROOT}/Target Support Files/Pods-RxWeather/Pods-RxWeather-frameworks-${CONFIGURATION}-input-files.xcfilelist",
			);
			name = "[CP] Embed Pods Frameworks";
			outputFileListPaths = (
				"${PODS_ROOT}/Target Support Files/Pods-RxWeather/Pods-RxWeather-frameworks-${CONFIGURATION}-output-files.xcfilelist",
			);
			runOnlyForDeploymentPostprocessing = 0;
			shellPath = /bin/sh;
			shellScript = "\"${PODS_ROOT}/Target Support Files/Pods-RxWeather/Pods-RxWeather-frameworks.sh\"\n";
			showEnvVarsInLog = 0;
		};
		C44DCB7C5362B612CA78096E /* [CP] Check Pods Manifest.lock */ = {
			isa = PBXShellScriptBuildPhase;
			buildActionMask = 2147483647;
			files = (
			);
			inputFileListPaths = (
			);
			inputPaths = (
				"${PODS_PODFILE_DIR_PATH}/Podfile.lock",
				"${PODS_ROOT}/Manifest.lock",
			);
			name = "[CP] Check Pods Manifest.lock";
			outputFileListPaths = (
			);
			outputPaths = (
				"$(DERIVED_FILE_DIR)/Pods-RxWeather-checkManifestLockResult.txt",
			);
			runOnlyForDeploymentPostprocessing = 0;
			shellPath = /bin/sh;
			shellScript = "diff \"${PODS_PODFILE_DIR_PATH}/Podfile.lock\" \"${PODS_ROOT}/Manifest.lock\" > /dev/null\nif [ $? != 0 ] ; then\n    # print error to STDERR\n    echo \"error: The sandbox is not in sync with the Podfile.lock. Run 'pod install' or update your CocoaPods installation.\" >&2\n    exit 1\nfi\n# This output is used by Xcode 'outputs' to avoid re-running this script phase.\necho \"SUCCESS\" > \"${SCRIPT_OUTPUT_FILE_0}\"\n";
			showEnvVarsInLog = 0;
		};
/* End PBXShellScriptBuildPhase section */

/* Begin PBXSourcesBuildPhase section */
		143FCADF24333E6B00D17DC8 /* Sources */ = {
			isa = PBXSourcesBuildPhase;
			buildActionMask = 2147483647;
			files = (
				143FCB0A243341B900D17DC8 /* ViewController.swift in Sources */,
				143FCB08243340FB00D17DC8 /* Appearance.swift in Sources */,
				143FCAE724333E6B00D17DC8 /* AppDelegate.swift in Sources */,
				143FCB07243340FB00D17DC8 /* Colors.swift in Sources */,
				143FCAE924333E6B00D17DC8 /* SceneDelegate.swift in Sources */,
				143FCB01243340DF00D17DC8 /* ApiController.swift in Sources */,
			);
			runOnlyForDeploymentPostprocessing = 0;
		};
/* End PBXSourcesBuildPhase section */

/* Begin PBXVariantGroup section */
		143FCAF124333E6D00D17DC8 /* LaunchScreen.storyboard */ = {
			isa = PBXVariantGroup;
			children = (
				143FCAF224333E6D00D17DC8 /* Base */,
			);
			name = LaunchScreen.storyboard;
			sourceTree = "<group>";
		};
/* End PBXVariantGroup section */

/* Begin XCBuildConfiguration section */
		143FCAF524333E6D00D17DC8 /* Debug */ = {
			isa = XCBuildConfiguration;
			buildSettings = {
				ALWAYS_SEARCH_USER_PATHS = NO;
				CLANG_ANALYZER_NONNULL = YES;
				CLANG_ANALYZER_NUMBER_OBJECT_CONVERSION = YES_AGGRESSIVE;
				CLANG_CXX_LANGUAGE_STANDARD = "gnu++14";
				CLANG_CXX_LIBRARY = "libc++";
				CLANG_ENABLE_MODULES = YES;
				CLANG_ENABLE_OBJC_ARC = YES;
				CLANG_ENABLE_OBJC_WEAK = YES;
				CLANG_WARN_BLOCK_CAPTURE_AUTORELEASING = YES;
				CLANG_WARN_BOOL_CONVERSION = YES;
				CLANG_WARN_COMMA = YES;
				CLANG_WARN_CONSTANT_CONVERSION = YES;
				CLANG_WARN_DEPRECATED_OBJC_IMPLEMENTATIONS = YES;
				CLANG_WARN_DIRECT_OBJC_ISA_USAGE = YES_ERROR;
				CLANG_WARN_DOCUMENTATION_COMMENTS = YES;
				CLANG_WARN_EMPTY_BODY = YES;
				CLANG_WARN_ENUM_CONVERSION = YES;
				CLANG_WARN_INFINITE_RECURSION = YES;
				CLANG_WARN_INT_CONVERSION = YES;
				CLANG_WARN_NON_LITERAL_NULL_CONVERSION = YES;
				CLANG_WARN_OBJC_IMPLICIT_RETAIN_SELF = YES;
				CLANG_WARN_OBJC_LITERAL_CONVERSION = YES;
				CLANG_WARN_OBJC_ROOT_CLASS = YES_ERROR;
				CLANG_WARN_RANGE_LOOP_ANALYSIS = YES;
				CLANG_WARN_STRICT_PROTOTYPES = YES;
				CLANG_WARN_SUSPICIOUS_MOVE = YES;
				CLANG_WARN_UNGUARDED_AVAILABILITY = YES_AGGRESSIVE;
				CLANG_WARN_UNREACHABLE_CODE = YES;
				CLANG_WARN__DUPLICATE_METHOD_MATCH = YES;
				COPY_PHASE_STRIP = NO;
				DEBUG_INFORMATION_FORMAT = dwarf;
				ENABLE_STRICT_OBJC_MSGSEND = YES;
				ENABLE_TESTABILITY = YES;
				GCC_C_LANGUAGE_STANDARD = gnu11;
				GCC_DYNAMIC_NO_PIC = NO;
				GCC_NO_COMMON_BLOCKS = YES;
				GCC_OPTIMIZATION_LEVEL = 0;
				GCC_PREPROCESSOR_DEFINITIONS = (
					"DEBUG=1",
					"$(inherited)",
				);
				GCC_WARN_64_TO_32_BIT_CONVERSION = YES;
				GCC_WARN_ABOUT_RETURN_TYPE = YES_ERROR;
				GCC_WARN_UNDECLARED_SELECTOR = YES;
				GCC_WARN_UNINITIALIZED_AUTOS = YES_AGGRESSIVE;
				GCC_WARN_UNUSED_FUNCTION = YES;
				GCC_WARN_UNUSED_VARIABLE = YES;
				IPHONEOS_DEPLOYMENT_TARGET = 13.4;
				MTL_ENABLE_DEBUG_INFO = INCLUDE_SOURCE;
				MTL_FAST_MATH = YES;
				ONLY_ACTIVE_ARCH = YES;
				SDKROOT = iphoneos;
				SWIFT_ACTIVE_COMPILATION_CONDITIONS = DEBUG;
				SWIFT_OPTIMIZATION_LEVEL = "-Onone";
			};
			name = Debug;
		};
		143FCAF624333E6D00D17DC8 /* Release */ = {
			isa = XCBuildConfiguration;
			buildSettings = {
				ALWAYS_SEARCH_USER_PATHS = NO;
				CLANG_ANALYZER_NONNULL = YES;
				CLANG_ANALYZER_NUMBER_OBJECT_CONVERSION = YES_AGGRESSIVE;
				CLANG_CXX_LANGUAGE_STANDARD = "gnu++14";
				CLANG_CXX_LIBRARY = "libc++";
				CLANG_ENABLE_MODULES = YES;
				CLANG_ENABLE_OBJC_ARC = YES;
				CLANG_ENABLE_OBJC_WEAK = YES;
				CLANG_WARN_BLOCK_CAPTURE_AUTORELEASING = YES;
				CLANG_WARN_BOOL_CONVERSION = YES;
				CLANG_WARN_COMMA = YES;
				CLANG_WARN_CONSTANT_CONVERSION = YES;
				CLANG_WARN_DEPRECATED_OBJC_IMPLEMENTATIONS = YES;
				CLANG_WARN_DIRECT_OBJC_ISA_USAGE = YES_ERROR;
				CLANG_WARN_DOCUMENTATION_COMMENTS = YES;
				CLANG_WARN_EMPTY_BODY = YES;
				CLANG_WARN_ENUM_CONVERSION = YES;
				CLANG_WARN_INFINITE_RECURSION = YES;
				CLANG_WARN_INT_CONVERSION = YES;
				CLANG_WARN_NON_LITERAL_NULL_CONVERSION = YES;
				CLANG_WARN_OBJC_IMPLICIT_RETAIN_SELF = YES;
				CLANG_WARN_OBJC_LITERAL_CONVERSION = YES;
				CLANG_WARN_OBJC_ROOT_CLASS = YES_ERROR;
				CLANG_WARN_RANGE_LOOP_ANALYSIS = YES;
				CLANG_WARN_STRICT_PROTOTYPES = YES;
				CLANG_WARN_SUSPICIOUS_MOVE = YES;
				CLANG_WARN_UNGUARDED_AVAILABILITY = YES_AGGRESSIVE;
				CLANG_WARN_UNREACHABLE_CODE = YES;
				CLANG_WARN__DUPLICATE_METHOD_MATCH = YES;
				COPY_PHASE_STRIP = NO;
				DEBUG_INFORMATION_FORMAT = "dwarf-with-dsym";
				ENABLE_NS_ASSERTIONS = NO;
				ENABLE_STRICT_OBJC_MSGSEND = YES;
				GCC_C_LANGUAGE_STANDARD = gnu11;
				GCC_NO_COMMON_BLOCKS = YES;
				GCC_WARN_64_TO_32_BIT_CONVERSION = YES;
				GCC_WARN_ABOUT_RETURN_TYPE = YES_ERROR;
				GCC_WARN_UNDECLARED_SELECTOR = YES;
				GCC_WARN_UNINITIALIZED_AUTOS = YES_AGGRESSIVE;
				GCC_WARN_UNUSED_FUNCTION = YES;
				GCC_WARN_UNUSED_VARIABLE = YES;
				IPHONEOS_DEPLOYMENT_TARGET = 13.4;
				MTL_ENABLE_DEBUG_INFO = NO;
				MTL_FAST_MATH = YES;
				SDKROOT = iphoneos;
				SWIFT_COMPILATION_MODE = wholemodule;
				SWIFT_OPTIMIZATION_LEVEL = "-O";
				VALIDATE_PRODUCT = YES;
			};
			name = Release;
		};
		143FCAF824333E6D00D17DC8 /* Debug */ = {
			isa = XCBuildConfiguration;
			baseConfigurationReference = 4DFE2C0CFEFF1404D9E25B2E /* Pods-RxWeather.debug.xcconfig */;
			buildSettings = {
				ASSETCATALOG_COMPILER_APPICON_NAME = AppIcon;
				CODE_SIGN_STYLE = Automatic;
				DEVELOPMENT_TEAM = ND2LGZT6B5;
				INFOPLIST_FILE = RxWeather/Info.plist;
				IPHONEOS_DEPLOYMENT_TARGET = 13.0;
				LD_RUNPATH_SEARCH_PATHS = (
					"$(inherited)",
					"@executable_path/Frameworks",
				);
				PRODUCT_BUNDLE_IDENTIFIER = com.dengli.RxWeather;
				PRODUCT_NAME = "$(TARGET_NAME)";
				SWIFT_VERSION = 5.0;
				TARGETED_DEVICE_FAMILY = 1;
			};
			name = Debug;
		};
		143FCAF924333E6D00D17DC8 /* Release */ = {
			isa = XCBuildConfiguration;
			baseConfigurationReference = E3FFAEC71612AF8C6DEF0FAD /* Pods-RxWeather.release.xcconfig */;
			buildSettings = {
				ASSETCATALOG_COMPILER_APPICON_NAME = AppIcon;
				CODE_SIGN_STYLE = Automatic;
				DEVELOPMENT_TEAM = ND2LGZT6B5;
				INFOPLIST_FILE = RxWeather/Info.plist;
				IPHONEOS_DEPLOYMENT_TARGET = 13.0;
				LD_RUNPATH_SEARCH_PATHS = (
					"$(inherited)",
					"@executable_path/Frameworks",
				);
				PRODUCT_BUNDLE_IDENTIFIER = com.dengli.RxWeather;
				PRODUCT_NAME = "$(TARGET_NAME)";
				SWIFT_VERSION = 5.0;
				TARGETED_DEVICE_FAMILY = 1;
			};
			name = Release;
		};
/* End XCBuildConfiguration section */

/* Begin XCConfigurationList section */
		143FCADE24333E6B00D17DC8 /* Build configuration list for PBXProject "RxWeather" */ = {
			isa = XCConfigurationList;
			buildConfigurations = (
				143FCAF524333E6D00D17DC8 /* Debug */,
				143FCAF624333E6D00D17DC8 /* Release */,
			);
			defaultConfigurationIsVisible = 0;
			defaultConfigurationName = Release;
		};
		143FCAF724333E6D00D17DC8 /* Build configuration list for PBXNativeTarget "RxWeather" */ = {
			isa = XCConfigurationList;
			buildConfigurations = (
				143FCAF824333E6D00D17DC8 /* Debug */,
				143FCAF924333E6D00D17DC8 /* Release */,
			);
			defaultConfigurationIsVisible = 0;
			defaultConfigurationName = Release;
		};
/* End XCConfigurationList section */
	};
	rootObject = 143FCADB24333E6B00D17DC8 /* Project object */;
}
